// !$*UTF8*$!
{
	archiveVersion = 1;
	classes = {
	};
	objectVersion = 56;
	objects = {

/* Begin PBXBuildFile section */
		20130000298F91B000E4420D /* DispatchQueueTests.swift in Sources */ = {isa = PBXBuildFile; fileRef = 2013FFFF298F91B000E4420D /* DispatchQueueTests.swift */; };
		2013000329912D8000E4420D /* UserDefaults+ADK.swift in Sources */ = {isa = PBXBuildFile; fileRef = 2013000229912D8000E4420D /* UserDefaults+ADK.swift */; };
		201300052991339C00E4420D /* FileManager+ADK.swift in Sources */ = {isa = PBXBuildFile; fileRef = 201300042991339C00E4420D /* FileManager+ADK.swift */; };
		201300072991393900E4420D /* FileCacheManager.swift in Sources */ = {isa = PBXBuildFile; fileRef = 201300062991393900E4420D /* FileCacheManager.swift */; };
		20130009299146F000E4420D /* BinaryFloatingPoint+ADK.swift in Sources */ = {isa = PBXBuildFile; fileRef = 20130008299146F000E4420D /* BinaryFloatingPoint+ADK.swift */; };
		2013000C2991494000E4420D /* PlayerController.swift in Sources */ = {isa = PBXBuildFile; fileRef = 2013000B2991494000E4420D /* PlayerController.swift */; };
		2013000E2991497400E4420D /* VideoTrimmer.swift in Sources */ = {isa = PBXBuildFile; fileRef = 2013000D2991497400E4420D /* VideoTrimmer.swift */; };
		201300102991524600E4420D /* Shell.swift in Sources */ = {isa = PBXBuildFile; fileRef = 2013000F2991524600E4420D /* Shell.swift */; };
		2013FFB6298F6B3400E4420D /* AppleDeveloperKit.h in Headers */ = {isa = PBXBuildFile; fileRef = 2013FFB5298F6B3400E4420D /* AppleDeveloperKit.h */; settings = {ATTRIBUTES = (Public, ); }; };
		2013FFC4298F70F100E4420D /* AppleDeveloperKit.framework in Frameworks */ = {isa = PBXBuildFile; fileRef = 2013FFB2298F6B3400E4420D /* AppleDeveloperKit.framework */; };
		2013FFCC298F724800E4420D /* AppleDeveloperKit.swift in Sources */ = {isa = PBXBuildFile; fileRef = 2013FFCB298F724800E4420D /* AppleDeveloperKit.swift */; };
		2013FFCF298F734B00E4420D /* CGPoint+ADK.swift in Sources */ = {isa = PBXBuildFile; fileRef = 2013FFCE298F734B00E4420D /* CGPoint+ADK.swift */; };
		2013FFD1298F735D00E4420D /* CGSize+ADK.swift in Sources */ = {isa = PBXBuildFile; fileRef = 2013FFD0298F735D00E4420D /* CGSize+ADK.swift */; };
		2013FFD3298F736A00E4420D /* CGRect+ADK.swift in Sources */ = {isa = PBXBuildFile; fileRef = 2013FFD2298F736A00E4420D /* CGRect+ADK.swift */; };
		2013FFD6298F743900E4420D /* Foundation.swift in Sources */ = {isa = PBXBuildFile; fileRef = 2013FFD5298F743900E4420D /* Foundation.swift */; };
		2013FFD9298F769A00E4420D /* Image+ADK.swift in Sources */ = {isa = PBXBuildFile; fileRef = 2013FFD8298F769A00E4420D /* Image+ADK.swift */; };
		2013FFDB298F78F300E4420D /* Array+ADK.swift in Sources */ = {isa = PBXBuildFile; fileRef = 2013FFDA298F78F300E4420D /* Array+ADK.swift */; };
		2013FFDD298F7BF000E4420D /* ArrayMoveTests.swift in Sources */ = {isa = PBXBuildFile; fileRef = 2013FFDC298F7BF000E4420D /* ArrayMoveTests.swift */; };
		2013FFE0298F7D4500E4420D /* Locks.swift in Sources */ = {isa = PBXBuildFile; fileRef = 2013FFDF298F7D4500E4420D /* Locks.swift */; };
		2013FFE2298F7D5500E4420D /* DispatchTimer.swift in Sources */ = {isa = PBXBuildFile; fileRef = 2013FFE1298F7D5500E4420D /* DispatchTimer.swift */; };
		2013FFE4298F7D7100E4420D /* WeakObjects.swift in Sources */ = {isa = PBXBuildFile; fileRef = 2013FFE3298F7D7100E4420D /* WeakObjects.swift */; };
		2013FFE7298F800F00E4420D /* MemoryCache.swift in Sources */ = {isa = PBXBuildFile; fileRef = 2013FFE6298F800F00E4420D /* MemoryCache.swift */; };
		2013FFE9298F80B900E4420D /* MemoryCahceTests.swift in Sources */ = {isa = PBXBuildFile; fileRef = 2013FFE8298F80B900E4420D /* MemoryCahceTests.swift */; };
		2013FFEC298F820100E4420D /* MainBundle.swift in Sources */ = {isa = PBXBuildFile; fileRef = 2013FFEB298F820100E4420D /* MainBundle.swift */; };
		2013FFEE298F82A700E4420D /* AppleBundle.swift in Sources */ = {isa = PBXBuildFile; fileRef = 2013FFED298F82A700E4420D /* AppleBundle.swift */; };
		2013FFF0298F85D300E4420D /* BundleTests.swift in Sources */ = {isa = PBXBuildFile; fileRef = 2013FFEF298F85D300E4420D /* BundleTests.swift */; };
		2013FFF3298F8B7000E4420D /* Version.swift in Sources */ = {isa = PBXBuildFile; fileRef = 2013FFF2298F8B7000E4420D /* Version.swift */; };
		2013FFF5298F8BB400E4420D /* VersionTests.swift in Sources */ = {isa = PBXBuildFile; fileRef = 2013FFF4298F8BB400E4420D /* VersionTests.swift */; };
		2013FFFB298F8FCF00E4420D /* DispatchTimerTests.swift in Sources */ = {isa = PBXBuildFile; fileRef = 2013FFFA298F8FCF00E4420D /* DispatchTimerTests.swift */; };
		2013FFFE298F913900E4420D /* DispatchQueue+ADK.swift in Sources */ = {isa = PBXBuildFile; fileRef = 2013FFFD298F913900E4420D /* DispatchQueue+ADK.swift */; };
		20D403F32998BDD4003D7430 /* VideoLayerView.swift in Sources */ = {isa = PBXBuildFile; fileRef = 20D403F22998BDD4003D7430 /* VideoLayerView.swift */; };
		20D403F52998C12B003D7430 /* CameraPreviewView.swift in Sources */ = {isa = PBXBuildFile; fileRef = 20D403F42998C12B003D7430 /* CameraPreviewView.swift */; };
		20D403F92998C730003D7430 /* NSWindow+Info.swift in Sources */ = {isa = PBXBuildFile; fileRef = 20D403F82998C730003D7430 /* NSWindow+Info.swift */; };
		20D403FB2998C951003D7430 /* SystemControl.swift in Sources */ = {isa = PBXBuildFile; fileRef = 20D403FA2998C951003D7430 /* SystemControl.swift */; };
		20D403FD2998DA6C003D7430 /* SystemControlTests.swift in Sources */ = {isa = PBXBuildFile; fileRef = 20D403FC2998DA6C003D7430 /* SystemControlTests.swift */; };
		20D4040629993577003D7430 /* AppleDeveloperKit.framework in Frameworks */ = {isa = PBXBuildFile; fileRef = 2013FFB2298F6B3400E4420D /* AppleDeveloperKit.framework */; platformFilter = ios; };
		20D4043B29994058003D7430 /* WeakObjectsTests.swift in Sources */ = {isa = PBXBuildFile; fileRef = 20D4043A29994058003D7430 /* WeakObjectsTests.swift */; };
		20D4043D29994551003D7430 /* String+ADK.swift in Sources */ = {isa = PBXBuildFile; fileRef = 20D4043C29994551003D7430 /* String+ADK.swift */; };
		20D4043F29994684003D7430 /* Validator.swift in Sources */ = {isa = PBXBuildFile; fileRef = 20D4043E29994684003D7430 /* Validator.swift */; };
		20D4044129994746003D7430 /* ValidatorTests.swift in Sources */ = {isa = PBXBuildFile; fileRef = 20D4044029994746003D7430 /* ValidatorTests.swift */; };
		5470A175299097AA00CC2CAD /* TimeProfiler.swift in Sources */ = {isa = PBXBuildFile; fileRef = 5470A174299097AA00CC2CAD /* TimeProfiler.swift */; };
		5470A1772990987E00CC2CAD /* MultiTimeProfiler.swift in Sources */ = {isa = PBXBuildFile; fileRef = 5470A1762990987E00CC2CAD /* MultiTimeProfiler.swift */; };
/* End PBXBuildFile section */

/* Begin PBXContainerItemProxy section */
		2013FFC5298F70F100E4420D /* PBXContainerItemProxy */ = {
			isa = PBXContainerItemProxy;
			containerPortal = 2013FFA9298F6B3400E4420D /* Project object */;
			proxyType = 1;
			remoteGlobalIDString = 2013FFB1298F6B3400E4420D;
			remoteInfo = AppleDeveloperKit;
		};
		20D4040729993577003D7430 /* PBXContainerItemProxy */ = {
			isa = PBXContainerItemProxy;
			containerPortal = 2013FFA9298F6B3400E4420D /* Project object */;
			proxyType = 1;
			remoteGlobalIDString = 2013FFB1298F6B3400E4420D;
			remoteInfo = AppleDeveloperKit;
		};
/* End PBXContainerItemProxy section */

/* Begin PBXFileReference section */
		2013000229912D8000E4420D /* UserDefaults+ADK.swift */ = {isa = PBXFileReference; lastKnownFileType = sourcecode.swift; path = "UserDefaults+ADK.swift"; sourceTree = "<group>"; };
		201300042991339C00E4420D /* FileManager+ADK.swift */ = {isa = PBXFileReference; lastKnownFileType = sourcecode.swift; path = "FileManager+ADK.swift"; sourceTree = "<group>"; };
		201300062991393900E4420D /* FileCacheManager.swift */ = {isa = PBXFileReference; lastKnownFileType = sourcecode.swift; path = FileCacheManager.swift; sourceTree = "<group>"; };
		20130008299146F000E4420D /* BinaryFloatingPoint+ADK.swift */ = {isa = PBXFileReference; lastKnownFileType = sourcecode.swift; path = "BinaryFloatingPoint+ADK.swift"; sourceTree = "<group>"; };
		2013000B2991494000E4420D /* PlayerController.swift */ = {isa = PBXFileReference; lastKnownFileType = sourcecode.swift; path = PlayerController.swift; sourceTree = "<group>"; };
		2013000D2991497400E4420D /* VideoTrimmer.swift */ = {isa = PBXFileReference; lastKnownFileType = sourcecode.swift; path = VideoTrimmer.swift; sourceTree = "<group>"; };
		2013000F2991524600E4420D /* Shell.swift */ = {isa = PBXFileReference; lastKnownFileType = sourcecode.swift; path = Shell.swift; sourceTree = "<group>"; };
		2013FFB2298F6B3400E4420D /* AppleDeveloperKit.framework */ = {isa = PBXFileReference; explicitFileType = wrapper.framework; includeInIndex = 0; path = AppleDeveloperKit.framework; sourceTree = BUILT_PRODUCTS_DIR; };
		2013FFB5298F6B3400E4420D /* AppleDeveloperKit.h */ = {isa = PBXFileReference; lastKnownFileType = sourcecode.c.h; path = AppleDeveloperKit.h; sourceTree = "<group>"; };
		2013FFC0298F70F100E4420D /* AppleDeveloperKitTests.xctest */ = {isa = PBXFileReference; explicitFileType = wrapper.cfbundle; includeInIndex = 0; path = AppleDeveloperKitTests.xctest; sourceTree = BUILT_PRODUCTS_DIR; };
		2013FFCB298F724800E4420D /* AppleDeveloperKit.swift */ = {isa = PBXFileReference; lastKnownFileType = sourcecode.swift; path = AppleDeveloperKit.swift; sourceTree = "<group>"; };
		2013FFCE298F734B00E4420D /* CGPoint+ADK.swift */ = {isa = PBXFileReference; lastKnownFileType = sourcecode.swift; path = "CGPoint+ADK.swift"; sourceTree = "<group>"; };
		2013FFD0298F735D00E4420D /* CGSize+ADK.swift */ = {isa = PBXFileReference; lastKnownFileType = sourcecode.swift; path = "CGSize+ADK.swift"; sourceTree = "<group>"; };
		2013FFD2298F736A00E4420D /* CGRect+ADK.swift */ = {isa = PBXFileReference; lastKnownFileType = sourcecode.swift; path = "CGRect+ADK.swift"; sourceTree = "<group>"; };
		2013FFD5298F743900E4420D /* Foundation.swift */ = {isa = PBXFileReference; lastKnownFileType = sourcecode.swift; path = Foundation.swift; sourceTree = "<group>"; };
		2013FFD8298F769A00E4420D /* Image+ADK.swift */ = {isa = PBXFileReference; lastKnownFileType = sourcecode.swift; path = "Image+ADK.swift"; sourceTree = "<group>"; };
		2013FFDA298F78F300E4420D /* Array+ADK.swift */ = {isa = PBXFileReference; lastKnownFileType = sourcecode.swift; path = "Array+ADK.swift"; sourceTree = "<group>"; };
		2013FFDC298F7BF000E4420D /* ArrayMoveTests.swift */ = {isa = PBXFileReference; lastKnownFileType = sourcecode.swift; path = ArrayMoveTests.swift; sourceTree = "<group>"; };
		2013FFDF298F7D4500E4420D /* Locks.swift */ = {isa = PBXFileReference; lastKnownFileType = sourcecode.swift; path = Locks.swift; sourceTree = "<group>"; };
		2013FFE1298F7D5500E4420D /* DispatchTimer.swift */ = {isa = PBXFileReference; lastKnownFileType = sourcecode.swift; path = DispatchTimer.swift; sourceTree = "<group>"; };
		2013FFE3298F7D7100E4420D /* WeakObjects.swift */ = {isa = PBXFileReference; lastKnownFileType = sourcecode.swift; path = WeakObjects.swift; sourceTree = "<group>"; };
		2013FFE6298F800F00E4420D /* MemoryCache.swift */ = {isa = PBXFileReference; lastKnownFileType = sourcecode.swift; path = MemoryCache.swift; sourceTree = "<group>"; };
		2013FFE8298F80B900E4420D /* MemoryCahceTests.swift */ = {isa = PBXFileReference; lastKnownFileType = sourcecode.swift; path = MemoryCahceTests.swift; sourceTree = "<group>"; };
		2013FFEB298F820100E4420D /* MainBundle.swift */ = {isa = PBXFileReference; lastKnownFileType = sourcecode.swift; path = MainBundle.swift; sourceTree = "<group>"; };
		2013FFED298F82A700E4420D /* AppleBundle.swift */ = {isa = PBXFileReference; lastKnownFileType = sourcecode.swift; path = AppleBundle.swift; sourceTree = "<group>"; };
		2013FFEF298F85D300E4420D /* BundleTests.swift */ = {isa = PBXFileReference; lastKnownFileType = sourcecode.swift; path = BundleTests.swift; sourceTree = "<group>"; };
		2013FFF2298F8B7000E4420D /* Version.swift */ = {isa = PBXFileReference; lastKnownFileType = sourcecode.swift; path = Version.swift; sourceTree = "<group>"; };
		2013FFF4298F8BB400E4420D /* VersionTests.swift */ = {isa = PBXFileReference; lastKnownFileType = sourcecode.swift; path = VersionTests.swift; sourceTree = "<group>"; };
		2013FFFA298F8FCF00E4420D /* DispatchTimerTests.swift */ = {isa = PBXFileReference; lastKnownFileType = sourcecode.swift; path = DispatchTimerTests.swift; sourceTree = "<group>"; };
		2013FFFD298F913900E4420D /* DispatchQueue+ADK.swift */ = {isa = PBXFileReference; lastKnownFileType = sourcecode.swift; path = "DispatchQueue+ADK.swift"; sourceTree = "<group>"; };
		2013FFFF298F91B000E4420D /* DispatchQueueTests.swift */ = {isa = PBXFileReference; lastKnownFileType = sourcecode.swift; path = DispatchQueueTests.swift; sourceTree = "<group>"; };
		20D403F22998BDD4003D7430 /* VideoLayerView.swift */ = {isa = PBXFileReference; lastKnownFileType = sourcecode.swift; path = VideoLayerView.swift; sourceTree = "<group>"; };
		20D403F42998C12B003D7430 /* CameraPreviewView.swift */ = {isa = PBXFileReference; lastKnownFileType = sourcecode.swift; path = CameraPreviewView.swift; sourceTree = "<group>"; };
		20D403F82998C730003D7430 /* NSWindow+Info.swift */ = {isa = PBXFileReference; lastKnownFileType = sourcecode.swift; path = "NSWindow+Info.swift"; sourceTree = "<group>"; };
		20D403FA2998C951003D7430 /* SystemControl.swift */ = {isa = PBXFileReference; lastKnownFileType = sourcecode.swift; path = SystemControl.swift; sourceTree = "<group>"; };
		20D403FC2998DA6C003D7430 /* SystemControlTests.swift */ = {isa = PBXFileReference; lastKnownFileType = sourcecode.swift; path = SystemControlTests.swift; sourceTree = "<group>"; };
		20D4040229993577003D7430 /* AppleDeveloperKitTests-iOS.xctest */ = {isa = PBXFileReference; explicitFileType = wrapper.cfbundle; includeInIndex = 0; path = "AppleDeveloperKitTests-iOS.xctest"; sourceTree = BUILT_PRODUCTS_DIR; };
		20D4043A29994058003D7430 /* WeakObjectsTests.swift */ = {isa = PBXFileReference; lastKnownFileType = sourcecode.swift; path = WeakObjectsTests.swift; sourceTree = "<group>"; };
		20D4043C29994551003D7430 /* String+ADK.swift */ = {isa = PBXFileReference; lastKnownFileType = sourcecode.swift; path = "String+ADK.swift"; sourceTree = "<group>"; };
		20D4043E29994684003D7430 /* Validator.swift */ = {isa = PBXFileReference; lastKnownFileType = sourcecode.swift; path = Validator.swift; sourceTree = "<group>"; };
		20D4044029994746003D7430 /* ValidatorTests.swift */ = {isa = PBXFileReference; lastKnownFileType = sourcecode.swift; path = ValidatorTests.swift; sourceTree = "<group>"; };
		5470A174299097AA00CC2CAD /* TimeProfiler.swift */ = {isa = PBXFileReference; lastKnownFileType = sourcecode.swift; path = TimeProfiler.swift; sourceTree = "<group>"; };
		5470A1762990987E00CC2CAD /* MultiTimeProfiler.swift */ = {isa = PBXFileReference; lastKnownFileType = sourcecode.swift; path = MultiTimeProfiler.swift; sourceTree = "<group>"; };
/* End PBXFileReference section */

/* Begin PBXFrameworksBuildPhase section */
		2013FFAF298F6B3400E4420D /* Frameworks */ = {
			isa = PBXFrameworksBuildPhase;
			buildActionMask = 2147483647;
			files = (
			);
			runOnlyForDeploymentPostprocessing = 0;
		};
		2013FFBD298F70F100E4420D /* Frameworks */ = {
			isa = PBXFrameworksBuildPhase;
			buildActionMask = 2147483647;
			files = (
				2013FFC4298F70F100E4420D /* AppleDeveloperKit.framework in Frameworks */,
			);
			runOnlyForDeploymentPostprocessing = 0;
		};
		20D403FF29993577003D7430 /* Frameworks */ = {
			isa = PBXFrameworksBuildPhase;
			buildActionMask = 2147483647;
			files = (
				20D4040629993577003D7430 /* AppleDeveloperKit.framework in Frameworks */,
			);
			runOnlyForDeploymentPostprocessing = 0;
		};
/* End PBXFrameworksBuildPhase section */

/* Begin PBXGroup section */
		2013000129912D3D00E4420D /* Extension */ = {
			isa = PBXGroup;
			children = (
				2013FFDA298F78F300E4420D /* Array+ADK.swift */,
				20130008299146F000E4420D /* BinaryFloatingPoint+ADK.swift */,
				201300042991339C00E4420D /* FileManager+ADK.swift */,
				2013FFFD298F913900E4420D /* DispatchQueue+ADK.swift */,
				20D4043C29994551003D7430 /* String+ADK.swift */,
				2013000229912D8000E4420D /* UserDefaults+ADK.swift */,
			);
			path = Extension;
			sourceTree = "<group>";
		};
		2013000A299148FD00E4420D /* AudioVideo */ = {
			isa = PBXGroup;
			children = (
				2013000B2991494000E4420D /* PlayerController.swift */,
				2013000D2991497400E4420D /* VideoTrimmer.swift */,
				20D403F22998BDD4003D7430 /* VideoLayerView.swift */,
				20D403F42998C12B003D7430 /* CameraPreviewView.swift */,
			);
			path = AudioVideo;
			sourceTree = "<group>";
		};
		2013FFA8298F6B3400E4420D = {
			isa = PBXGroup;
			children = (
				2013FFCA298F718000E4420D /* Source */,
				2013FFB4298F6B3400E4420D /* AppleDeveloperKit */,
				2013FFC1298F70F100E4420D /* AppleDeveloperKitTests */,
				2013FFB3298F6B3400E4420D /* Products */,
			);
			sourceTree = "<group>";
		};
		2013FFB3298F6B3400E4420D /* Products */ = {
			isa = PBXGroup;
			children = (
				2013FFB2298F6B3400E4420D /* AppleDeveloperKit.framework */,
				2013FFC0298F70F100E4420D /* AppleDeveloperKitTests.xctest */,
				20D4040229993577003D7430 /* AppleDeveloperKitTests-iOS.xctest */,
			);
			name = Products;
			sourceTree = "<group>";
		};
		2013FFB4298F6B3400E4420D /* AppleDeveloperKit */ = {
			isa = PBXGroup;
			children = (
				2013FFB5298F6B3400E4420D /* AppleDeveloperKit.h */,
			);
			path = AppleDeveloperKit;
			sourceTree = "<group>";
		};
		2013FFC1298F70F100E4420D /* AppleDeveloperKitTests */ = {
			isa = PBXGroup;
			children = (
				2013FFF8298F8F9500E4420D /* Cache */,
				2013FFF7298F8F8200E4420D /* Foundation */,
				2013FFF6298F8F5100E4420D /* Utility */,
				2013FFEF298F85D300E4420D /* BundleTests.swift */,
				20D403FC2998DA6C003D7430 /* SystemControlTests.swift */,
			);
			path = AppleDeveloperKitTests;
			sourceTree = "<group>";
		};
		2013FFCA298F718000E4420D /* Source */ = {
			isa = PBXGroup;
			children = (
				2013FFCB298F724800E4420D /* AppleDeveloperKit.swift */,
				2013FFD4298F741800E4420D /* Foundation */,
				2013FFEA298F81F300E4420D /* Bundle */,
				2013FFE5298F7E2700E4420D /* Cache */,
				2013FFCD298F72E100E4420D /* CoreGraphics */,
				2013FFD7298F768000E4420D /* Image */,
				2013000A299148FD00E4420D /* AudioVideo */,
				2013FFF1298F8B5D00E4420D /* Utility */,
				20D403F62998C4BE003D7430 /* macOS */,
			);
			path = Source;
			sourceTree = "<group>";
		};
		2013FFCD298F72E100E4420D /* CoreGraphics */ = {
			isa = PBXGroup;
			children = (
				2013FFCE298F734B00E4420D /* CGPoint+ADK.swift */,
				2013FFD0298F735D00E4420D /* CGSize+ADK.swift */,
				2013FFD2298F736A00E4420D /* CGRect+ADK.swift */,
			);
			path = CoreGraphics;
			sourceTree = "<group>";
		};
		2013FFD4298F741800E4420D /* Foundation */ = {
			isa = PBXGroup;
			children = (
				2013FFD5298F743900E4420D /* Foundation.swift */,
				2013FFE1298F7D5500E4420D /* DispatchTimer.swift */,
				2013FFDF298F7D4500E4420D /* Locks.swift */,
				2013FFE3298F7D7100E4420D /* WeakObjects.swift */,
				2013000129912D3D00E4420D /* Extension */,
			);
			path = Foundation;
			sourceTree = "<group>";
		};
		2013FFD7298F768000E4420D /* Image */ = {
			isa = PBXGroup;
			children = (
				2013FFD8298F769A00E4420D /* Image+ADK.swift */,
			);
			path = Image;
			sourceTree = "<group>";
		};
		2013FFE5298F7E2700E4420D /* Cache */ = {
			isa = PBXGroup;
			children = (
				2013FFE6298F800F00E4420D /* MemoryCache.swift */,
				201300062991393900E4420D /* FileCacheManager.swift */,
			);
			path = Cache;
			sourceTree = "<group>";
		};
		2013FFEA298F81F300E4420D /* Bundle */ = {
			isa = PBXGroup;
			children = (
				2013FFED298F82A700E4420D /* AppleBundle.swift */,
				2013FFEB298F820100E4420D /* MainBundle.swift */,
			);
			path = Bundle;
			sourceTree = "<group>";
		};
		2013FFF1298F8B5D00E4420D /* Utility */ = {
			isa = PBXGroup;
			children = (
				2013FFF2298F8B7000E4420D /* Version.swift */,
				20D403FA2998C951003D7430 /* SystemControl.swift */,
				20D4043E29994684003D7430 /* Validator.swift */,
				5470A1732990977800CC2CAD /* TimeProfiler */,
			);
			path = Utility;
			sourceTree = "<group>";
		};
		2013FFF6298F8F5100E4420D /* Utility */ = {
			isa = PBXGroup;
			children = (
				2013FFF4298F8BB400E4420D /* VersionTests.swift */,
				20D4044029994746003D7430 /* ValidatorTests.swift */,
			);
			path = Utility;
			sourceTree = "<group>";
		};
		2013FFF7298F8F8200E4420D /* Foundation */ = {
			isa = PBXGroup;
			children = (
				2013FFDC298F7BF000E4420D /* ArrayMoveTests.swift */,
				2013FFFA298F8FCF00E4420D /* DispatchTimerTests.swift */,
				2013FFFF298F91B000E4420D /* DispatchQueueTests.swift */,
				20D4043A29994058003D7430 /* WeakObjectsTests.swift */,
			);
			path = Foundation;
			sourceTree = "<group>";
		};
		2013FFF8298F8F9500E4420D /* Cache */ = {
			isa = PBXGroup;
			children = (
				2013FFE8298F80B900E4420D /* MemoryCahceTests.swift */,
			);
			path = Cache;
			sourceTree = "<group>";
		};
		20D403F62998C4BE003D7430 /* macOS */ = {
			isa = PBXGroup;
			children = (
				20D403F72998C6AC003D7430 /* Extension */,
				2013000F2991524600E4420D /* Shell.swift */,
			);
			path = macOS;
			sourceTree = "<group>";
		};
		20D403F72998C6AC003D7430 /* Extension */ = {
			isa = PBXGroup;
			children = (
				20D403F82998C730003D7430 /* NSWindow+Info.swift */,
			);
			path = Extension;
			sourceTree = "<group>";
		};
		5470A1732990977800CC2CAD /* TimeProfiler */ = {
			isa = PBXGroup;
			children = (
				5470A174299097AA00CC2CAD /* TimeProfiler.swift */,
				5470A1762990987E00CC2CAD /* MultiTimeProfiler.swift */,
			);
			path = TimeProfiler;
			sourceTree = "<group>";
		};
/* End PBXGroup section */

/* Begin PBXHeadersBuildPhase section */
		2013FFAD298F6B3400E4420D /* Headers */ = {
			isa = PBXHeadersBuildPhase;
			buildActionMask = 2147483647;
			files = (
				2013FFB6298F6B3400E4420D /* AppleDeveloperKit.h in Headers */,
			);
			runOnlyForDeploymentPostprocessing = 0;
		};
/* End PBXHeadersBuildPhase section */

/* Begin PBXNativeTarget section */
		2013FFB1298F6B3400E4420D /* AppleDeveloperKit */ = {
			isa = PBXNativeTarget;
			buildConfigurationList = 2013FFB9298F6B3400E4420D /* Build configuration list for PBXNativeTarget "AppleDeveloperKit" */;
			buildPhases = (
				2013FFAD298F6B3400E4420D /* Headers */,
				2013FFAE298F6B3400E4420D /* Sources */,
				2013FFAF298F6B3400E4420D /* Frameworks */,
				2013FFB0298F6B3400E4420D /* Resources */,
			);
			buildRules = (
			);
			dependencies = (
			);
			name = AppleDeveloperKit;
			productName = AppleDeveloperKit;
			productReference = 2013FFB2298F6B3400E4420D /* AppleDeveloperKit.framework */;
			productType = "com.apple.product-type.framework";
		};
		2013FFBF298F70F100E4420D /* AppleDeveloperKitTests */ = {
			isa = PBXNativeTarget;
			buildConfigurationList = 2013FFC7298F70F100E4420D /* Build configuration list for PBXNativeTarget "AppleDeveloperKitTests" */;
			buildPhases = (
				2013FFBC298F70F100E4420D /* Sources */,
				2013FFBD298F70F100E4420D /* Frameworks */,
				2013FFBE298F70F100E4420D /* Resources */,
			);
			buildRules = (
			);
			dependencies = (
				2013FFC6298F70F100E4420D /* PBXTargetDependency */,
			);
			name = AppleDeveloperKitTests;
			productName = AppleDeveloperKitTests;
			productReference = 2013FFC0298F70F100E4420D /* AppleDeveloperKitTests.xctest */;
			productType = "com.apple.product-type.bundle.unit-test";
		};
		20D4040129993577003D7430 /* AppleDeveloperKitTests-iOS */ = {
			isa = PBXNativeTarget;
			buildConfigurationList = 20D4040929993577003D7430 /* Build configuration list for PBXNativeTarget "AppleDeveloperKitTests-iOS" */;
			buildPhases = (
				20D403FE29993577003D7430 /* Sources */,
				20D403FF29993577003D7430 /* Frameworks */,
				20D4040029993577003D7430 /* Resources */,
			);
			buildRules = (
			);
			dependencies = (
				20D4040829993577003D7430 /* PBXTargetDependency */,
			);
			name = "AppleDeveloperKitTests-iOS";
			productName = "AppleDeveloperKitTests-iOS";
			productReference = 20D4040229993577003D7430 /* AppleDeveloperKitTests-iOS.xctest */;
			productType = "com.apple.product-type.bundle.unit-test";
		};
/* End PBXNativeTarget section */

/* Begin PBXProject section */
		2013FFA9298F6B3400E4420D /* Project object */ = {
			isa = PBXProject;
			attributes = {
				BuildIndependentTargetsInParallel = 1;
				LastSwiftUpdateCheck = 1420;
				LastUpgradeCheck = 1420;
				TargetAttributes = {
					2013FFB1298F6B3400E4420D = {
						CreatedOnToolsVersion = 14.2;
						LastSwiftMigration = 1420;
					};
					2013FFBF298F70F100E4420D = {
						CreatedOnToolsVersion = 14.2;
					};
					20D4040129993577003D7430 = {
						CreatedOnToolsVersion = 14.2;
					};
				};
			};
			buildConfigurationList = 2013FFAC298F6B3400E4420D /* Build configuration list for PBXProject "AppleDeveloperKit" */;
			compatibilityVersion = "Xcode 14.0";
			developmentRegion = en;
			hasScannedForEncodings = 0;
			knownRegions = (
				en,
				Base,
			);
			mainGroup = 2013FFA8298F6B3400E4420D;
			productRefGroup = 2013FFB3298F6B3400E4420D /* Products */;
			projectDirPath = "";
			projectRoot = "";
			targets = (
				2013FFB1298F6B3400E4420D /* AppleDeveloperKit */,
				2013FFBF298F70F100E4420D /* AppleDeveloperKitTests */,
				20D4040129993577003D7430 /* AppleDeveloperKitTests-iOS */,
			);
		};
/* End PBXProject section */

/* Begin PBXResourcesBuildPhase section */
		2013FFB0298F6B3400E4420D /* Resources */ = {
			isa = PBXResourcesBuildPhase;
			buildActionMask = 2147483647;
			files = (
			);
			runOnlyForDeploymentPostprocessing = 0;
		};
		2013FFBE298F70F100E4420D /* Resources */ = {
			isa = PBXResourcesBuildPhase;
			buildActionMask = 2147483647;
			files = (
			);
			runOnlyForDeploymentPostprocessing = 0;
		};
		20D4040029993577003D7430 /* Resources */ = {
			isa = PBXResourcesBuildPhase;
			buildActionMask = 2147483647;
			files = (
			);
			runOnlyForDeploymentPostprocessing = 0;
		};
/* End PBXResourcesBuildPhase section */

/* Begin PBXSourcesBuildPhase section */
		2013FFAE298F6B3400E4420D /* Sources */ = {
			isa = PBXSourcesBuildPhase;
			buildActionMask = 2147483647;
			files = (
				2013FFCC298F724800E4420D /* AppleDeveloperKit.swift in Sources */,
				2013FFEC298F820100E4420D /* MainBundle.swift in Sources */,
				2013FFDB298F78F300E4420D /* Array+ADK.swift in Sources */,
				2013FFE0298F7D4500E4420D /* Locks.swift in Sources */,
				2013FFF3298F8B7000E4420D /* Version.swift in Sources */,
				2013FFCF298F734B00E4420D /* CGPoint+ADK.swift in Sources */,
				201300102991524600E4420D /* Shell.swift in Sources */,
				2013FFE7298F800F00E4420D /* MemoryCache.swift in Sources */,
				20D403F32998BDD4003D7430 /* VideoLayerView.swift in Sources */,
				2013FFE2298F7D5500E4420D /* DispatchTimer.swift in Sources */,
				20D4043D29994551003D7430 /* String+ADK.swift in Sources */,
				20D403F52998C12B003D7430 /* CameraPreviewView.swift in Sources */,
				2013000E2991497400E4420D /* VideoTrimmer.swift in Sources */,
				201300072991393900E4420D /* FileCacheManager.swift in Sources */,
				5470A1772990987E00CC2CAD /* MultiTimeProfiler.swift in Sources */,
				2013FFEE298F82A700E4420D /* AppleBundle.swift in Sources */,
				2013FFD3298F736A00E4420D /* CGRect+ADK.swift in Sources */,
				2013000329912D8000E4420D /* UserDefaults+ADK.swift in Sources */,
				20D403FB2998C951003D7430 /* SystemControl.swift in Sources */,
				20130009299146F000E4420D /* BinaryFloatingPoint+ADK.swift in Sources */,
				2013FFE4298F7D7100E4420D /* WeakObjects.swift in Sources */,
				2013FFD6298F743900E4420D /* Foundation.swift in Sources */,
				20D4043F29994684003D7430 /* Validator.swift in Sources */,
				201300052991339C00E4420D /* FileManager+ADK.swift in Sources */,
				2013FFD9298F769A00E4420D /* Image+ADK.swift in Sources */,
				2013FFD1298F735D00E4420D /* CGSize+ADK.swift in Sources */,
				2013FFFE298F913900E4420D /* DispatchQueue+ADK.swift in Sources */,
				2013000C2991494000E4420D /* PlayerController.swift in Sources */,
				5470A175299097AA00CC2CAD /* TimeProfiler.swift in Sources */,
				20D403F92998C730003D7430 /* NSWindow+Info.swift in Sources */,
			);
			runOnlyForDeploymentPostprocessing = 0;
		};
		2013FFBC298F70F100E4420D /* Sources */ = {
			isa = PBXSourcesBuildPhase;
			buildActionMask = 2147483647;
			files = (
				2013FFFB298F8FCF00E4420D /* DispatchTimerTests.swift in Sources */,
				20D403FD2998DA6C003D7430 /* SystemControlTests.swift in Sources */,
				2013FFDD298F7BF000E4420D /* ArrayMoveTests.swift in Sources */,
				20D4044129994746003D7430 /* ValidatorTests.swift in Sources */,
				2013FFF0298F85D300E4420D /* BundleTests.swift in Sources */,
				2013FFF5298F8BB400E4420D /* VersionTests.swift in Sources */,
				2013FFE9298F80B900E4420D /* MemoryCahceTests.swift in Sources */,
				20D4043B29994058003D7430 /* WeakObjectsTests.swift in Sources */,
				20130000298F91B000E4420D /* DispatchQueueTests.swift in Sources */,
			);
			runOnlyForDeploymentPostprocessing = 0;
		};
		20D403FE29993577003D7430 /* Sources */ = {
			isa = PBXSourcesBuildPhase;
			buildActionMask = 2147483647;
			files = (
			);
			runOnlyForDeploymentPostprocessing = 0;
		};
/* End PBXSourcesBuildPhase section */

/* Begin PBXTargetDependency section */
		2013FFC6298F70F100E4420D /* PBXTargetDependency */ = {
			isa = PBXTargetDependency;
			target = 2013FFB1298F6B3400E4420D /* AppleDeveloperKit */;
			targetProxy = 2013FFC5298F70F100E4420D /* PBXContainerItemProxy */;
		};
		20D4040829993577003D7430 /* PBXTargetDependency */ = {
			isa = PBXTargetDependency;
			platformFilter = ios;
			target = 2013FFB1298F6B3400E4420D /* AppleDeveloperKit */;
			targetProxy = 20D4040729993577003D7430 /* PBXContainerItemProxy */;
		};
/* End PBXTargetDependency section */

/* Begin XCBuildConfiguration section */
		2013FFB7298F6B3400E4420D /* Debug */ = {
			isa = XCBuildConfiguration;
			buildSettings = {
				ALWAYS_SEARCH_USER_PATHS = NO;
				CLANG_ANALYZER_NONNULL = YES;
				CLANG_ANALYZER_NUMBER_OBJECT_CONVERSION = YES_AGGRESSIVE;
				CLANG_CXX_LANGUAGE_STANDARD = "gnu++20";
				CLANG_ENABLE_MODULES = YES;
				CLANG_ENABLE_OBJC_ARC = YES;
				CLANG_ENABLE_OBJC_WEAK = YES;
				CLANG_WARN_BLOCK_CAPTURE_AUTORELEASING = YES;
				CLANG_WARN_BOOL_CONVERSION = YES;
				CLANG_WARN_COMMA = YES;
				CLANG_WARN_CONSTANT_CONVERSION = YES;
				CLANG_WARN_DEPRECATED_OBJC_IMPLEMENTATIONS = YES;
				CLANG_WARN_DIRECT_OBJC_ISA_USAGE = YES_ERROR;
				CLANG_WARN_DOCUMENTATION_COMMENTS = YES;
				CLANG_WARN_EMPTY_BODY = YES;
				CLANG_WARN_ENUM_CONVERSION = YES;
				CLANG_WARN_INFINITE_RECURSION = YES;
				CLANG_WARN_INT_CONVERSION = YES;
				CLANG_WARN_NON_LITERAL_NULL_CONVERSION = YES;
				CLANG_WARN_OBJC_IMPLICIT_RETAIN_SELF = YES;
				CLANG_WARN_OBJC_LITERAL_CONVERSION = YES;
				CLANG_WARN_OBJC_ROOT_CLASS = YES_ERROR;
				CLANG_WARN_QUOTED_INCLUDE_IN_FRAMEWORK_HEADER = YES;
				CLANG_WARN_RANGE_LOOP_ANALYSIS = YES;
				CLANG_WARN_STRICT_PROTOTYPES = YES;
				CLANG_WARN_SUSPICIOUS_MOVE = YES;
				CLANG_WARN_UNGUARDED_AVAILABILITY = YES_AGGRESSIVE;
				CLANG_WARN_UNREACHABLE_CODE = YES;
				CLANG_WARN__DUPLICATE_METHOD_MATCH = YES;
				COPY_PHASE_STRIP = NO;
				CURRENT_PROJECT_VERSION = 1;
				DEBUG_INFORMATION_FORMAT = dwarf;
				ENABLE_STRICT_OBJC_MSGSEND = YES;
				ENABLE_TESTABILITY = YES;
				GCC_C_LANGUAGE_STANDARD = gnu11;
				GCC_DYNAMIC_NO_PIC = NO;
				GCC_NO_COMMON_BLOCKS = YES;
				GCC_OPTIMIZATION_LEVEL = 0;
				GCC_PREPROCESSOR_DEFINITIONS = (
					"DEBUG=1",
					"$(inherited)",
				);
				GCC_WARN_64_TO_32_BIT_CONVERSION = YES;
				GCC_WARN_ABOUT_RETURN_TYPE = YES_ERROR;
				GCC_WARN_UNDECLARED_SELECTOR = YES;
				GCC_WARN_UNINITIALIZED_AUTOS = YES_AGGRESSIVE;
				GCC_WARN_UNUSED_FUNCTION = YES;
				GCC_WARN_UNUSED_VARIABLE = YES;
				MTL_ENABLE_DEBUG_INFO = INCLUDE_SOURCE;
				MTL_FAST_MATH = YES;
				ONLY_ACTIVE_ARCH = YES;
				SWIFT_ACTIVE_COMPILATION_CONDITIONS = DEBUG;
				SWIFT_OPTIMIZATION_LEVEL = "-Onone";
				VERSIONING_SYSTEM = "apple-generic";
				VERSION_INFO_PREFIX = "";
			};
			name = Debug;
		};
		2013FFB8298F6B3400E4420D /* Release */ = {
			isa = XCBuildConfiguration;
			buildSettings = {
				ALWAYS_SEARCH_USER_PATHS = NO;
				CLANG_ANALYZER_NONNULL = YES;
				CLANG_ANALYZER_NUMBER_OBJECT_CONVERSION = YES_AGGRESSIVE;
				CLANG_CXX_LANGUAGE_STANDARD = "gnu++20";
				CLANG_ENABLE_MODULES = YES;
				CLANG_ENABLE_OBJC_ARC = YES;
				CLANG_ENABLE_OBJC_WEAK = YES;
				CLANG_WARN_BLOCK_CAPTURE_AUTORELEASING = YES;
				CLANG_WARN_BOOL_CONVERSION = YES;
				CLANG_WARN_COMMA = YES;
				CLANG_WARN_CONSTANT_CONVERSION = YES;
				CLANG_WARN_DEPRECATED_OBJC_IMPLEMENTATIONS = YES;
				CLANG_WARN_DIRECT_OBJC_ISA_USAGE = YES_ERROR;
				CLANG_WARN_DOCUMENTATION_COMMENTS = YES;
				CLANG_WARN_EMPTY_BODY = YES;
				CLANG_WARN_ENUM_CONVERSION = YES;
				CLANG_WARN_INFINITE_RECURSION = YES;
				CLANG_WARN_INT_CONVERSION = YES;
				CLANG_WARN_NON_LITERAL_NULL_CONVERSION = YES;
				CLANG_WARN_OBJC_IMPLICIT_RETAIN_SELF = YES;
				CLANG_WARN_OBJC_LITERAL_CONVERSION = YES;
				CLANG_WARN_OBJC_ROOT_CLASS = YES_ERROR;
				CLANG_WARN_QUOTED_INCLUDE_IN_FRAMEWORK_HEADER = YES;
				CLANG_WARN_RANGE_LOOP_ANALYSIS = YES;
				CLANG_WARN_STRICT_PROTOTYPES = YES;
				CLANG_WARN_SUSPICIOUS_MOVE = YES;
				CLANG_WARN_UNGUARDED_AVAILABILITY = YES_AGGRESSIVE;
				CLANG_WARN_UNREACHABLE_CODE = YES;
				CLANG_WARN__DUPLICATE_METHOD_MATCH = YES;
				COPY_PHASE_STRIP = NO;
				CURRENT_PROJECT_VERSION = 1;
				DEBUG_INFORMATION_FORMAT = "dwarf-with-dsym";
				ENABLE_NS_ASSERTIONS = NO;
				ENABLE_STRICT_OBJC_MSGSEND = YES;
				GCC_C_LANGUAGE_STANDARD = gnu11;
				GCC_NO_COMMON_BLOCKS = YES;
				GCC_WARN_64_TO_32_BIT_CONVERSION = YES;
				GCC_WARN_ABOUT_RETURN_TYPE = YES_ERROR;
				GCC_WARN_UNDECLARED_SELECTOR = YES;
				GCC_WARN_UNINITIALIZED_AUTOS = YES_AGGRESSIVE;
				GCC_WARN_UNUSED_FUNCTION = YES;
				GCC_WARN_UNUSED_VARIABLE = YES;
				MTL_ENABLE_DEBUG_INFO = NO;
				MTL_FAST_MATH = YES;
				SWIFT_COMPILATION_MODE = wholemodule;
				SWIFT_OPTIMIZATION_LEVEL = "-O";
				VERSIONING_SYSTEM = "apple-generic";
				VERSION_INFO_PREFIX = "";
			};
			name = Release;
		};
		2013FFBA298F6B3400E4420D /* Debug */ = {
			isa = XCBuildConfiguration;
			buildSettings = {
				BUILD_LIBRARY_FOR_DISTRIBUTION = YES;
				CLANG_ENABLE_MODULES = YES;
				CODE_SIGN_STYLE = Automatic;
				CURRENT_PROJECT_VERSION = 1;
				DEFINES_MODULE = YES;
				DYLIB_COMPATIBILITY_VERSION = 1;
				DYLIB_CURRENT_VERSION = 1;
				DYLIB_INSTALL_NAME_BASE = "@rpath";
				GENERATE_INFOPLIST_FILE = YES;
				INFOPLIST_KEY_NSHumanReadableCopyright = "";
				INSTALL_PATH = "$(LOCAL_LIBRARY_DIR)/Frameworks";
				IPHONEOS_DEPLOYMENT_TARGET = 13.0;
				LD_RUNPATH_SEARCH_PATHS = (
					"@executable_path/Frameworks",
					"@loader_path/Frameworks",
				);
				"LD_RUNPATH_SEARCH_PATHS[sdk=macosx*]" = (
					"@executable_path/../Frameworks",
					"@loader_path/Frameworks",
				);
				MACOSX_DEPLOYMENT_TARGET = 11.0;
				MARKETING_VERSION = 1.0;
				PRODUCT_BUNDLE_IDENTIFIER = me.evanxlh.AppleDeveloperKit;
				PRODUCT_NAME = "$(TARGET_NAME:c99extidentifier)";
				SDKROOT = auto;
				SKIP_INSTALL = YES;
				SUPPORTED_PLATFORMS = "iphoneos iphonesimulator macosx";
				SWIFT_EMIT_LOC_STRINGS = YES;
				SWIFT_OPTIMIZATION_LEVEL = "-Onone";
				SWIFT_VERSION = 5.0;
				TARGETED_DEVICE_FAMILY = "1,2";
			};
			name = Debug;
		};
		2013FFBB298F6B3400E4420D /* Release */ = {
			isa = XCBuildConfiguration;
			buildSettings = {
				BUILD_LIBRARY_FOR_DISTRIBUTION = YES;
				CLANG_ENABLE_MODULES = YES;
				CODE_SIGN_STYLE = Automatic;
				CURRENT_PROJECT_VERSION = 1;
				DEFINES_MODULE = YES;
				DYLIB_COMPATIBILITY_VERSION = 1;
				DYLIB_CURRENT_VERSION = 1;
				DYLIB_INSTALL_NAME_BASE = "@rpath";
				GENERATE_INFOPLIST_FILE = YES;
				INFOPLIST_KEY_NSHumanReadableCopyright = "";
				INSTALL_PATH = "$(LOCAL_LIBRARY_DIR)/Frameworks";
				IPHONEOS_DEPLOYMENT_TARGET = 13.0;
				LD_RUNPATH_SEARCH_PATHS = (
					"@executable_path/Frameworks",
					"@loader_path/Frameworks",
				);
				"LD_RUNPATH_SEARCH_PATHS[sdk=macosx*]" = (
					"@executable_path/../Frameworks",
					"@loader_path/Frameworks",
				);
				MACOSX_DEPLOYMENT_TARGET = 11.0;
				MARKETING_VERSION = 1.0;
				PRODUCT_BUNDLE_IDENTIFIER = me.evanxlh.AppleDeveloperKit;
				PRODUCT_NAME = "$(TARGET_NAME:c99extidentifier)";
				SDKROOT = auto;
				SKIP_INSTALL = YES;
				SUPPORTED_PLATFORMS = "iphoneos iphonesimulator macosx";
				SWIFT_EMIT_LOC_STRINGS = YES;
				SWIFT_VERSION = 5.0;
				TARGETED_DEVICE_FAMILY = "1,2";
			};
			name = Release;
		};
		2013FFC8298F70F100E4420D /* Debug */ = {
			isa = XCBuildConfiguration;
			buildSettings = {
				ALWAYS_EMBED_SWIFT_STANDARD_LIBRARIES = YES;
				CODE_SIGN_STYLE = Automatic;
				CURRENT_PROJECT_VERSION = 1;
				GENERATE_INFOPLIST_FILE = YES;
				IPHONEOS_DEPLOYMENT_TARGET = 13.0;
				MACOSX_DEPLOYMENT_TARGET = 11.0;
				MARKETING_VERSION = 1.0;
				PRODUCT_BUNDLE_IDENTIFIER = me.evanxlh.AppleDeveloperKitTests;
				PRODUCT_NAME = "$(TARGET_NAME)";
				SDKROOT = macosx;
				SUPPORTED_PLATFORMS = "iphoneos iphonesimulator macosx";
				SUPPORTS_MACCATALYST = NO;
				SUPPORTS_MAC_DESIGNED_FOR_IPHONE_IPAD = NO;
				SWIFT_EMIT_LOC_STRINGS = NO;
				SWIFT_VERSION = 5.0;
				TARGETED_DEVICE_FAMILY = "1,2";
			};
			name = Debug;
		};
		2013FFC9298F70F100E4420D /* Release */ = {
			isa = XCBuildConfiguration;
			buildSettings = {
				ALWAYS_EMBED_SWIFT_STANDARD_LIBRARIES = YES;
				CODE_SIGN_STYLE = Automatic;
				CURRENT_PROJECT_VERSION = 1;
				GENERATE_INFOPLIST_FILE = YES;
				IPHONEOS_DEPLOYMENT_TARGET = 13.0;
				MACOSX_DEPLOYMENT_TARGET = 11.0;
				MARKETING_VERSION = 1.0;
				PRODUCT_BUNDLE_IDENTIFIER = me.evanxlh.AppleDeveloperKitTests;
				PRODUCT_NAME = "$(TARGET_NAME)";
				SDKROOT = macosx;
				SUPPORTED_PLATFORMS = "iphoneos iphonesimulator macosx";
				SUPPORTS_MACCATALYST = NO;
				SUPPORTS_MAC_DESIGNED_FOR_IPHONE_IPAD = NO;
				SWIFT_EMIT_LOC_STRINGS = NO;
				SWIFT_VERSION = 5.0;
				TARGETED_DEVICE_FAMILY = "1,2";
			};
			name = Release;
		};
		20D4040A29993577003D7430 /* Debug */ = {
			isa = XCBuildConfiguration;
			buildSettings = {
				CODE_SIGN_STYLE = Automatic;
				CURRENT_PROJECT_VERSION = 1;
				GENERATE_INFOPLIST_FILE = YES;
				IPHONEOS_DEPLOYMENT_TARGET = 16.2;
				MARKETING_VERSION = 1.0;
				PRODUCT_BUNDLE_IDENTIFIER = "me.evanxlh.AppleDeveloperKitTests-iOS";
				PRODUCT_NAME = "$(TARGET_NAME)";
				SDKROOT = iphoneos;
				SWIFT_EMIT_LOC_STRINGS = NO;
				SWIFT_VERSION = 5.0;
				TARGETED_DEVICE_FAMILY = "1,2";
			};
			name = Debug;
		};
		20D4040B29993577003D7430 /* Release */ = {
			isa = XCBuildConfiguration;
			buildSettings = {
				CODE_SIGN_STYLE = Automatic;
				CURRENT_PROJECT_VERSION = 1;
				GENERATE_INFOPLIST_FILE = YES;
				IPHONEOS_DEPLOYMENT_TARGET = 16.2;
				MARKETING_VERSION = 1.0;
				PRODUCT_BUNDLE_IDENTIFIER = "me.evanxlh.AppleDeveloperKitTests-iOS";
				PRODUCT_NAME = "$(TARGET_NAME)";
				SDKROOT = iphoneos;
				SWIFT_EMIT_LOC_STRINGS = NO;
				SWIFT_VERSION = 5.0;
				TARGETED_DEVICE_FAMILY = "1,2";
				VALIDATE_PRODUCT = YES;
			};
			name = Release;
		};
/* End XCBuildConfiguration section */

/* Begin XCConfigurationList section */
		2013FFAC298F6B3400E4420D /* Build configuration list for PBXProject "AppleDeveloperKit" */ = {
			isa = XCConfigurationList;
			buildConfigurations = (
				2013FFB7298F6B3400E4420D /* Debug */,
				2013FFB8298F6B3400E4420D /* Release */,
			);
			defaultConfigurationIsVisible = 0;
			defaultConfigurationName = Release;
		};
		2013FFB9298F6B3400E4420D /* Build configuration list for PBXNativeTarget "AppleDeveloperKit" */ = {
			isa = XCConfigurationList;
			buildConfigurations = (
				2013FFBA298F6B3400E4420D /* Debug */,
				2013FFBB298F6B3400E4420D /* Release */,
			);
			defaultConfigurationIsVisible = 0;
			defaultConfigurationName = Release;
		};
		2013FFC7298F70F100E4420D /* Build configuration list for PBXNativeTarget "AppleDeveloperKitTests" */ = {
			isa = XCConfigurationList;
			buildConfigurations = (
				2013FFC8298F70F100E4420D /* Debug */,
				2013FFC9298F70F100E4420D /* Release */,
			);
			defaultConfigurationIsVisible = 0;
			defaultConfigurationName = Release;
		};
		20D4040929993577003D7430 /* Build configuration list for PBXNativeTarget "AppleDeveloperKitTests-iOS" */ = {
			isa = XCConfigurationList;
			buildConfigurations = (
				20D4040A29993577003D7430 /* Debug */,
				20D4040B29993577003D7430 /* Release */,
			);
			defaultConfigurationIsVisible = 0;
			defaultConfigurationName = Release;
		};
/* End XCConfigurationList section */
	};
	rootObject = 2013FFA9298F6B3400E4420D /* Project object */;
}
